hash: 8b5686bd6aae7b8da59c719c3ff3b8ce693010b39f3cefc9096829a1154145b2
updated: 2017-08-26T20:43:00.713439394+09:00
imports:
- name: github.com/containernetworking/plugins
  version: 7480240de9749f9a0a5c8614b17f1f03e0c06ab9
  subpackages:
  - pkg/ns
- name: github.com/docker/docker
  version: 3d843e81d0cabe8d341f24f63d71548bc0ffd376
  subpackages:
  - client
- name: github.com/MakeNowJust/heredoc
  version: bb23615498cded5e105af4ce27de75b089cbe851
- name: github.com/mattn/go-getopt
  version: 824dc755f216158c40b01264dde707ff41df43c3
- name: github.com/vishvananda/netlink
  version: f5a6f697a596c788d474984a38a0ac4ba0719e93
- name: golang.org/x/net
  version: 1c05540f6879653db88113bc4a2b70aec4bd491f
  subpackages:
  - context
testImports: []
