github.com/MakeNowJust/heredoc v0.0.0-20171113091838-e9091a26100e h1:eb0Pzkt15Bm7f2FFYv7sjY7NPFi3cPkS3tv1CcrFBWA=
github.com/MakeNowJust/heredoc v0.0.0-20171113091838-e9091a26100e/go.mod h1:64YHyfSL2R96J44Nlwm39UHepQbyR5q10x7iYa1ks2E=
github.com/Microsoft/go-winio v0.0.0-20180823222421-97e4973ce50b/go.mod h1:VhR8bwka0BXejwEJY73c50VrPtXAaKcyvVC4A4RozmA=
github.com/containernetworking/plugins v0.0.0-20180803153142-19f2f28178aa h1:9H4VmKyDPYBwwR4zI0y9HVDr8Q6Z0phICWBFw1h4810=
github.com/containernetworking/plugins v0.0.0-20180803153142-19f2f28178aa/go.mod h1:dagHaAhNjXjT9QYOklkKJDGaQPTg4pf//FrUcJeb7FU=
github.com/containers/storage v0.0.0-20181019121456-bd5818eda840 h1:/8J8hhVhbEauZZWNRy3c/jQ5dZKyq+Y3WTxCaS5h624=
github.com/containers/storage v0.0.0-20181019121456-bd5818eda840/go.mod h1:+RirK6VQAqskQlaTBrOG6ulDvn4si2QjFE1NZCn06MM=
github.com/davecgh/go-spew v1.1.1/go.mod h1:J7Y8YcW2NihsgmVo/mv3lAwl/skON4iLHjSsI+c5H38=
github.com/docker/distribution v0.0.0-20181024170156-93e082742a00 h1:oMYsgzD1U/fva345wviC6v/CIg0xSMnxcij92F92OEo=
github.com/docker/distribution v0.0.0-20181024170156-93e082742a00/go.mod h1:J2gT2udsDAN96Uj4KfcMRqY0/ypR+oyYUYmja8H+y+w=
github.com/docker/docker v0.0.0-20181024220401-bc4c1c238b55 h1:t6HHZjjOdUIP8qiTRgxXGBCUpZ/DulDWo3PgtPjfBA4=
github.com/docker/docker v0.0.0-20181024220401-bc4c1c238b55/go.mod h1:eEKB0N0r5NX/I1kEveEz05bcu8tLC/8azJZsviup8Sk=
github.com/docker/go-connections v0.0.0-20180228141015-7395e3f8aa16 h1:4uSgK5h2LeFthjRpG7VUcNsG8cnMBSyUka+aHztsu0k=
github.com/docker/go-connections v0.0.0-20180228141015-7395e3f8aa16/go.mod h1:Gbd7IOopHjR8Iph03tsViu4nIes5XhDvyHbTtUxmeec=
github.com/docker/go-units v0.0.0-20180212134657-47565b4f722f h1:Qkwi6SixOdPJYzMmW56WFUYINqJzeUI/FDBdJEJ5VF0=
github.com/docker/go-units v0.0.0-20180212134657-47565b4f722f/go.mod h1:fgPhTUdO+D/Jk86RDLlptpiXQzgHJF7gydDDbaIK4Dk=
github.com/gogo/protobuf v0.0.0-20180717141946-636bf0302bc9 h1:EGUd+AQfZoi1OwZAoqekLbl4kq6tafFtKQSiN8nL21Y=
github.com/gogo/protobuf v0.0.0-20180717141946-636bf0302bc9/go.mod h1:r8qH/GZQm5c6nD/R0oafs1akxWv10x8SbQlK7atdtwQ=
github.com/konsorten/go-windows-terminal-sequences v0.0.0-20180402223658-b729f2633dfe/go.mod h1:T0+1ngSBFLxvqU3pZ+m/2kptfBszLMUkC4ZK/EgS/cQ=
github.com/konsorten/go-windows-terminal-sequences v0.0.0-20181004224146-5c8c8bd35d38/go.mod h1:T0+1ngSBFLxvqU3pZ+m/2kptfBszLMUkC4ZK/EgS/cQ=
github.com/kubernetes-sigs/cri-o v0.0.0-20181018095408-774a29ecf685 h1:3HF6dGBcVCYHrSk/9FgxSFZbquyam4r+h79WjhyI/Po=
github.com/kubernetes-sigs/cri-o v0.0.0-20181018095408-774a29ecf685/go.mod h1:OU8KMZFn54AzPFUlmy3DiEnN/EkdTJDWVUy+gl3z8zE=
github.com/mattn/go-getopt v0.0.0-20150316012638-824dc755f216 h1:vJJXFwK70ooqBHwMksszqmdsWzR9qgLuIpW5sqxXb3I=
github.com/mattn/go-getopt v0.0.0-20150316012638-824dc755f216/go.mod h1:2uCwQeFuJy1M6CD1U13P4er3sZ8BgifMtkgSIhV1vgg=
github.com/opencontainers/go-digest v0.0.0-20170607195333-279bed98673d h1:KdbiNxiNlvqqdRGoWqPq40QvJVnkx0i6boW43dg6Zig=
github.com/opencontainers/go-digest v0.0.0-20170607195333-279bed98673d/go.mod h1:cMLVZDEM3+U2I4VmLI6N8jQYUd2OVphdqWwCJHrFt2s=
github.com/opencontainers/image-spec v0.0.0-20171030174740-d60099175f88 h1:wHUCmBJYWVPLW+A+82bEi7lJpaUFvUUrJGpBYUvHTYE=
github.com/opencontainers/image-spec v0.0.0-20171030174740-d60099175f88/go.mod h1:BtxoFyWECRxE4U/7sNtV5W15zMzWCbyJoFRP3s7yZA0=
github.com/opencontainers/runc v0.0.0-20160425211835-baf6536d6259 h1:+y/ZaT/CcnWABDAjA26zGZPhOKIzBfSOS6svqcMcJlw=
github.com/opencontainers/runc v0.0.0-20160425211835-baf6536d6259/go.mod h1:qT5XzbpPznkRYVz/mWwUaVBUv2rmF59PVA73FjuZG0U=
github.com/pkg/errors v0.0.0-20160929014801-645ef00459ed h1:7YZJ1xGPxV+y6rSIzEpufIIi0/gJXPbfQ0T01F5CKBk=
github.com/pkg/errors v0.0.0-20160929014801-645ef00459ed/go.mod h1:bwawxfHBFNV+L2hUp1rHADufV3IMtnDRdf1r5NINEl0=
github.com/pmezard/go-difflib v1.0.0/go.mod h1:iKH77koFhYxTK1pcRnkKkqfTogsbg7gZNVY4sRDYZ/4=
github.com/sirupsen/logrus v0.0.0-20181008203039-ad15b4246192 h1:o7wVMW6LEsaMzbwgsVVXVOPcpinlWPIdIzUG08CU3VA=
github.com/sirupsen/logrus v0.0.0-20181008203039-ad15b4246192/go.mod h1:zrgwTnHtNr00buQ1vSptGe8m1f/BbgsPukg8qsT7A+A=
github.com/stretchr/testify v1.2.2/go.mod h1:a8OnRcib4nhh0OaRAV+Yts87kKdq0PP7pXfy6kDkUVs=
github.com/vishvananda/netlink v0.0.0-20180316044622-a2ad57a690f3 h1:XInZ/nmah0dH8AtF3d2bzs1bj6r4f7eDA/oWqjWV9zM=
github.com/vishvananda/netlink v0.0.0-20180316044622-a2ad57a690f3/go.mod h1:+SR5DhBJrl6ZM7CoCKvpw5BKroDKQ+PJqOg65H/2ktk=
github.com/vishvananda/netns v0.0.0-20180720170159-13995c7128cc h1:R83G5ikgLMxrBvLh22JhdfI8K6YXEPHx5P03Uu3DRs4=
github.com/vishvananda/netns v0.0.0-20180720170159-13995c7128cc/go.mod h1:ZjcWmFBXmLKZu9Nxj3WKYEafiSqer2rnvPr0en9UNpI=
golang.org/x/crypto v0.0.0-20180904163835-0709b304e793/go.mod h1:6SG95UA2DQfeDnfUPMdvaQW0Q7yPrPDi9nlGo2tz2b4=
golang.org/x/crypto v0.0.0-20181025213731-e84da0312774 h1:a4tQYYYuK9QdeO/+kEvNYyuR21S+7ve5EANok6hABhI=
golang.org/x/crypto v0.0.0-20181025213731-e84da0312774/go.mod h1:6SG95UA2DQfeDnfUPMdvaQW0Q7yPrPDi9nlGo2tz2b4=
golang.org/x/net v0.0.0-20181023162649-9b4f9f5ad519 h1:x6rhz8Y9CjbgQkccRGmELH6K+LJj7tOoh3XWeC1yaQM=
golang.org/x/net v0.0.0-20181023162649-9b4f9f5ad519/go.mod h1:mL1N/T3taQHkDXs73rZJwtUhF3w3ftmwwsq0BUmARs4=
golang.org/x/sys v0.0.0-20180905080454-ebe1bf3edb33/go.mod h1:STP8DvDyc/dI5b8T5hshtkjS+E42TnysNCUPdjciGhY=
golang.org/x/sys v0.0.0-20181026064943-731415f00dce h1:196tugxh+2x7vxu5cHKw/TepDbiqTPsHAm+12BkDe0w=
golang.org/x/sys v0.0.0-20181026064943-731415f00dce/go.mod h1:STP8DvDyc/dI5b8T5hshtkjS+E42TnysNCUPdjciGhY=
